// !$*UTF8*$!
{
	archiveVersion = 1;
	classes = {
	};
	objectVersion = 48;
	objects = {

/* Begin PBXBuildFile section */
		BFFFA8231FBF0C2D0037E7FF /* AppDelegate.swift in Sources */ = {isa = PBXBuildFile; fileRef = BFFFA8221FBF0C2D0037E7FF /* AppDelegate.swift */; };
		BFFFA8251FBF0C2D0037E7FF /* ViewController.swift in Sources */ = {isa = PBXBuildFile; fileRef = BFFFA8241FBF0C2D0037E7FF /* ViewController.swift */; };
		BFFFA8281FBF0C2D0037E7FF /* Main.storyboard in Resources */ = {isa = PBXBuildFile; fileRef = BFFFA8261FBF0C2D0037E7FF /* Main.storyboard */; };
		BFFFA82A1FBF0C2D0037E7FF /* Assets.xcassets in Resources */ = {isa = PBXBuildFile; fileRef = BFFFA8291FBF0C2D0037E7FF /* Assets.xcassets */; };
		BFFFA82D1FBF0C2D0037E7FF /* LaunchScreen.storyboard in Resources */ = {isa = PBXBuildFile; fileRef = BFFFA82B1FBF0C2D0037E7FF /* LaunchScreen.storyboard */; };
		BFFFA8351FBF0C690037E7FF /* FuncHelper.swift in Sources */ = {isa = PBXBuildFile; fileRef = BFFFA8341FBF0C690037E7FF /* FuncHelper.swift */; };
		BFFFA8371FBF0C8B0037E7FF /* ExtensionUIViewController.swift in Sources */ = {isa = PBXBuildFile; fileRef = BFFFA8361FBF0C8B0037E7FF /* ExtensionUIViewController.swift */; };
/* End PBXBuildFile section */

/* Begin PBXFileReference section */
		BFFFA81F1FBF0C2D0037E7FF /* AlertEasily.app */ = {isa = PBXFileReference; explicitFileType = wrapper.application; includeInIndex = 0; path = AlertEasily.app; sourceTree = BUILT_PRODUCTS_DIR; };
		BFFFA8221FBF0C2D0037E7FF /* AppDelegate.swift */ = {isa = PBXFileReference; lastKnownFileType = sourcecode.swift; path = AppDelegate.swift; sourceTree = "<group>"; };
		BFFFA8241FBF0C2D0037E7FF /* ViewController.swift */ = {isa = PBXFileReference; lastKnownFileType = sourcecode.swift; path = ViewController.swift; sourceTree = "<group>"; };
		BFFFA8271FBF0C2D0037E7FF /* Base */ = {isa = PBXFileReference; lastKnownFileType = file.storyboard; name = Base; path = Base.lproj/Main.storyboard; sourceTree = "<group>"; };
		BFFFA8291FBF0C2D0037E7FF /* Assets.xcassets */ = {isa = PBXFileReference; lastKnownFileType = folder.assetcatalog; path = Assets.xcassets; sourceTree = "<group>"; };
		BFFFA82C1FBF0C2D0037E7FF /* Base */ = {isa = PBXFileReference; lastKnownFileType = file.storyboard; name = Base; path = Base.lproj/LaunchScreen.storyboard; sourceTree = "<group>"; };
		BFFFA82E1FBF0C2D0037E7FF /* Info.plist */ = {isa = PBXFileReference; lastKnownFileType = text.plist.xml; path = Info.plist; sourceTree = "<group>"; };
		BFFFA8341FBF0C690037E7FF /* FuncHelper.swift */ = {isa = PBXFileReference; lastKnownFileType = sourcecode.swift; path = FuncHelper.swift; sourceTree = "<group>"; };
		BFFFA8361FBF0C8B0037E7FF /* ExtensionUIViewController.swift */ = {isa = PBXFileReference; lastKnownFileType = sourcecode.swift; path = ExtensionUIViewController.swift; sourceTree = "<group>"; };
/* End PBXFileReference section */

/* Begin PBXFrameworksBuildPhase section */
		BFFFA81C1FBF0C2D0037E7FF /* Frameworks */ = {
			isa = PBXFrameworksBuildPhase;
			buildActionMask = 2147483647;
			files = (
			);
			runOnlyForDeploymentPostprocessing = 0;
		};
/* End PBXFrameworksBuildPhase section */

/* Begin PBXGroup section */
		BFFFA8161FBF0C2D0037E7FF = {
			isa = PBXGroup;
			children = (
				BFFFA8211FBF0C2D0037E7FF /* AlertEasily */,
				BFFFA8201FBF0C2D0037E7FF /* Products */,
			);
			sourceTree = "<group>";
		};
		BFFFA8201FBF0C2D0037E7FF /* Products */ = {
			isa = PBXGroup;
			children = (
				BFFFA81F1FBF0C2D0037E7FF /* AlertEasily.app */,
			);
			name = Products;
			sourceTree = "<group>";
		};
		BFFFA8211FBF0C2D0037E7FF /* AlertEasily */ = {
			isa = PBXGroup;
			children = (
				BFFFA8221FBF0C2D0037E7FF /* AppDelegate.swift */,
				BFFFA8241FBF0C2D0037E7FF /* ViewController.swift */,
				BFFFA8261FBF0C2D0037E7FF /* Main.storyboard */,
				BFFFA8291FBF0C2D0037E7FF /* Assets.xcassets */,
				BFFFA82B1FBF0C2D0037E7FF /* LaunchScreen.storyboard */,
				BFFFA82E1FBF0C2D0037E7FF /* Info.plist */,
				BFFFA8341FBF0C690037E7FF /* FuncHelper.swift */,
				BFFFA8361FBF0C8B0037E7FF /* ExtensionUIViewController.swift */,
			);
			path = AlertEasily;
			sourceTree = "<group>";
		};
/* End PBXGroup section */

/* Begin PBXNativeTarget section */
		BFFFA81E1FBF0C2D0037E7FF /* AlertEasily */ = {
			isa = PBXNativeTarget;
			buildConfigurationList = BFFFA8311FBF0C2D0037E7FF /* Build configuration list for PBXNativeTarget "AlertEasily" */;
			buildPhases = (
				BFFFA81B1FBF0C2D0037E7FF /* Sources */,
				BFFFA81C1FBF0C2D0037E7FF /* Frameworks */,
				BFFFA81D1FBF0C2D0037E7FF /* Resources */,
			);
			buildRules = (
			);
			dependencies = (
			);
			name = AlertEasily;
			productName = AlertEasily;
			productReference = BFFFA81F1FBF0C2D0037E7FF /* AlertEasily.app */;
			productType = "com.apple.product-type.application";
		};
/* End PBXNativeTarget section */

/* Begin PBXProject section */
		BFFFA8171FBF0C2D0037E7FF /* Project object */ = {
			isa = PBXProject;
			attributes = {
				LastSwiftUpdateCheck = 0910;
				LastUpgradeCheck = 0910;
				ORGANIZATIONNAME = MZC;
				TargetAttributes = {
					BFFFA81E1FBF0C2D0037E7FF = {
						CreatedOnToolsVersion = 9.1;
						ProvisioningStyle = Automatic;
					};
				};
			};
			buildConfigurationList = BFFFA81A1FBF0C2D0037E7FF /* Build configuration list for PBXProject "AlertEasily" */;
			compatibilityVersion = "Xcode 8.0";
			developmentRegion = en;
			hasScannedForEncodings = 0;
			knownRegions = (
				en,
				Base,
			);
			mainGroup = BFFFA8161FBF0C2D0037E7FF;
			productRefGroup = BFFFA8201FBF0C2D0037E7FF /* Products */;
			projectDirPath = "";
			projectRoot = "";
			targets = (
				BFFFA81E1FBF0C2D0037E7FF /* AlertEasily */,
			);
		};
/* End PBXProject section */

/* Begin PBXResourcesBuildPhase section */
		BFFFA81D1FBF0C2D0037E7FF /* Resources */ = {
			isa = PBXResourcesBuildPhase;
			buildActionMask = 2147483647;
			files = (
				BFFFA82D1FBF0C2D0037E7FF /* LaunchScreen.storyboard in Resources */,
				BFFFA82A1FBF0C2D0037E7FF /* Assets.xcassets in Resources */,
				BFFFA8281FBF0C2D0037E7FF /* Main.storyboard in Resources */,
			);
			runOnlyForDeploymentPostprocessing = 0;
		};
/* End PBXResourcesBuildPhase section */

/* Begin PBXSourcesBuildPhase section */
		BFFFA81B1FBF0C2D0037E7FF /* Sources */ = {
			isa = PBXSourcesBuildPhase;
			buildActionMask = 2147483647;
			files = (
				BFFFA8371FBF0C8B0037E7FF /* ExtensionUIViewController.swift in Sources */,
				BFFFA8251FBF0C2D0037E7FF /* ViewController.swift in Sources */,
				BFFFA8231FBF0C2D0037E7FF /* AppDelegate.swift in Sources */,
				BFFFA8351FBF0C690037E7FF /* FuncHelper.swift in Sources */,
			);
			runOnlyForDeploymentPostprocessing = 0;
		};
/* End PBXSourcesBuildPhase section */

/* Begin PBXVariantGroup section */
		BFFFA8261FBF0C2D0037E7FF /* Main.storyboard */ = {
			isa = PBXVariantGroup;
			children = (
				BFFFA8271FBF0C2D0037E7FF /* Base */,
			);
			name = Main.storyboard;
			sourceTree = "<group>";
		};
		BFFFA82B1FBF0C2D0037E7FF /* LaunchScreen.storyboard */ = {
			isa = PBXVariantGroup;
			children = (
				BFFFA82C1FBF0C2D0037E7FF /* Base */,
			);
			name = LaunchScreen.storyboard;
			sourceTree = "<group>";
		};
/* End PBXVariantGroup section */

/* Begin XCBuildConfiguration section */
		BFFFA82F1FBF0C2D0037E7FF /* Debug */ = {
			isa = XCBuildConfiguration;
			buildSettings = {
				ALWAYS_SEARCH_USER_PATHS = NO;
				CLANG_ANALYZER_NONNULL = YES;
				CLANG_ANALYZER_NUMBER_OBJECT_CONVERSION = YES_AGGRESSIVE;
				CLANG_CXX_LANGUAGE_STANDARD = "gnu++14";
				CLANG_CXX_LIBRARY = "libc++";
				CLANG_ENABLE_MODULES = YES;
				CLANG_ENABLE_OBJC_ARC = YES;
				CLANG_WARN_BLOCK_CAPTURE_AUTORELEASING = YES;
				CLANG_WARN_BOOL_CONVERSION = YES;
				CLANG_WARN_COMMA = YES;
				CLANG_WARN_CONSTANT_CONVERSION = YES;
				CLANG_WARN_DIRECT_OBJC_ISA_USAGE = YES_ERROR;
				CLANG_WARN_DOCUMENTATION_COMMENTS = YES;
				CLANG_WARN_EMPTY_BODY = YES;
				CLANG_WARN_ENUM_CONVERSION = YES;
				CLANG_WARN_INFINITE_RECURSION = YES;
				CLANG_WARN_INT_CONVERSION = YES;
				CLANG_WARN_NON_LITERAL_NULL_CONVERSION = YES;
				CLANG_WARN_OBJC_LITERAL_CONVERSION = YES;
				CLANG_WARN_OBJC_ROOT_CLASS = YES_ERROR;
				CLANG_WARN_RANGE_LOOP_ANALYSIS = YES;
				CLANG_WARN_STRICT_PROTOTYPES = YES;
				CLANG_WARN_SUSPICIOUS_MOVE = YES;
				CLANG_WARN_UNGUARDED_AVAILABILITY = YES_AGGRESSIVE;
				CLANG_WARN_UNREACHABLE_CODE = YES;
				CLANG_WARN__DUPLICATE_METHOD_MATCH = YES;
				CODE_SIGN_IDENTITY = "iPhone Developer";
				COPY_PHASE_STRIP = NO;
				DEBUG_INFORMATION_FORMAT = dwarf;
				ENABLE_STRICT_OBJC_MSGSEND = YES;
				ENABLE_TESTABILITY = YES;
				GCC_C_LANGUAGE_STANDARD = gnu11;
				GCC_DYNAMIC_NO_PIC = NO;
				GCC_NO_COMMON_BLOCKS = YES;
				GCC_OPTIMIZATION_LEVEL = 0;
				GCC_PREPROCESSOR_DEFINITIONS = (
					"DEBUG=1",
					"$(inherited)",
				);
				GCC_WARN_64_TO_32_BIT_CONVERSION = YES;
				GCC_WARN_ABOUT_RETURN_TYPE = YES_ERROR;
				GCC_WARN_UNDECLARED_SELECTOR = YES;
				GCC_WARN_UNINITIALIZED_AUTOS = YES_AGGRESSIVE;
				GCC_WARN_UNUSED_FUNCTION = YES;
				GCC_WARN_UNUSED_VARIABLE = YES;
				IPHONEOS_DEPLOYMENT_TARGET = 11.1;
				MTL_ENABLE_DEBUG_INFO = YES;
				ONLY_ACTIVE_ARCH = YES;
				SDKROOT = iphoneos;
				SWIFT_ACTIVE_COMPILATION_CONDITIONS = DEBUG;
				SWIFT_OPTIMIZATION_LEVEL = "-Onone";
			};
			name = Debug;
		};
		BFFFA8301FBF0C2D0037E7FF /* Release */ = {
			isa = XCBuildConfiguration;
			buildSettings = {
				ALWAYS_SEARCH_USER_PATHS = NO;
				CLANG_ANALYZER_NONNULL = YES;
				CLANG_ANALYZER_NUMBER_OBJECT_CONVERSION = YES_AGGRESSIVE;
				CLANG_CXX_LANGUAGE_STANDARD = "gnu++14";
				CLANG_CXX_LIBRARY = "libc++";
				CLANG_ENABLE_MODULES = YES;
				CLANG_ENABLE_OBJC_ARC = YES;
				CLANG_WARN_BLOCK_CAPTURE_AUTORELEASING = YES;
				CLANG_WARN_BOOL_CONVERSION = YES;
				CLANG_WARN_COMMA = YES;
				CLANG_WARN_CONSTANT_CONVERSION = YES;
				CLANG_WARN_DIRECT_OBJC_ISA_USAGE = YES_ERROR;
				CLANG_WARN_DOCUMENTATION_COMMENTS = YES;
				CLANG_WARN_EMPTY_BODY = YES;
				CLANG_WARN_ENUM_CONVERSION = YES;
				CLANG_WARN_INFINITE_RECURSION = YES;
				CLANG_WARN_INT_CONVERSION = YES;
				CLANG_WARN_NON_LITERAL_NULL_CONVERSION = YES;
				CLANG_WARN_OBJC_LITERAL_CONVERSION = YES;
				CLANG_WARN_OBJC_ROOT_CLASS = YES_ERROR;
				CLANG_WARN_RANGE_LOOP_ANALYSIS = YES;
				CLANG_WARN_STRICT_PROTOTYPES = YES;
				CLANG_WARN_SUSPICIOUS_MOVE = YES;
				CLANG_WARN_UNGUARDED_AVAILABILITY = YES_AGGRESSIVE;
				CLANG_WARN_UNREACHABLE_CODE = YES;
				CLANG_WARN__DUPLICATE_METHOD_MATCH = YES;
				CODE_SIGN_IDENTITY = "iPhone Developer";
				COPY_PHASE_STRIP = NO;
				DEBUG_INFORMATION_FORMAT = "dwarf-with-dsym";
				ENABLE_NS_ASSERTIONS = NO;
				ENABLE_STRICT_OBJC_MSGSEND = YES;
				GCC_C_LANGUAGE_STANDARD = gnu11;
				GCC_NO_COMMON_BLOCKS = YES;
				GCC_WARN_64_TO_32_BIT_CONVERSION = YES;
				GCC_WARN_ABOUT_RETURN_TYPE = YES_ERROR;
				GCC_WARN_UNDECLARED_SELECTOR = YES;
				GCC_WARN_UNINITIALIZED_AUTOS = YES_AGGRESSIVE;
				GCC_WARN_UNUSED_FUNCTION = YES;
				GCC_WARN_UNUSED_VARIABLE = YES;
				IPHONEOS_DEPLOYMENT_TARGET = 11.1;
				MTL_ENABLE_DEBUG_INFO = NO;
				SDKROOT = iphoneos;
				SWIFT_OPTIMIZATION_LEVEL = "-Owholemodule";
				VALIDATE_PRODUCT = YES;
			};
			name = Release;
		};
		BFFFA8321FBF0C2D0037E7FF /* Debug */ = {
			isa = XCBuildConfiguration;
			buildSettings = {
				ASSETCATALOG_COMPILER_APPICON_NAME = AppIcon;
				CODE_SIGN_STYLE = Automatic;
				DEVELOPMENT_TEAM = 5RF3WWGD36;
				INFOPLIST_FILE = AlertEasily/Info.plist;
				IPHONEOS_DEPLOYMENT_TARGET = 9.0;
				LD_RUNPATH_SEARCH_PATHS = "$(inherited) @executable_path/Frameworks";
				PRODUCT_BUNDLE_IDENTIFIER = snsd.com.AlertEasily;
				PRODUCT_NAME = "$(TARGET_NAME)";
				SWIFT_VERSION = 4.0;
				TARGETED_DEVICE_FAMILY = "1,2";
			};
			name = Debug;
		};
		BFFFA8331FBF0C2D0037E7FF /* Release */ = {
			isa = XCBuildConfiguration;
			buildSettings = {
				ASSETCATALOG_COMPILER_APPICON_NAME = AppIcon;
				CODE_SIGN_STYLE = Automatic;
				DEVELOPMENT_TEAM = 5RF3WWGD36;
				INFOPLIST_FILE = AlertEasily/Info.plist;
				IPHONEOS_DEPLOYMENT_TARGET = 9.0;
				LD_RUNPATH_SEARCH_PATHS = "$(inherited) @executable_path/Frameworks";
				PRODUCT_BUNDLE_IDENTIFIER = snsd.com.AlertEasily;
				PRODUCT_NAME = "$(TARGET_NAME)";
				SWIFT_VERSION = 4.0;
				TARGETED_DEVICE_FAMILY = "1,2";
			};
			name = Release;
		};
/* End XCBuildConfiguration section */

/* Begin XCConfigurationList section */
		BFFFA81A1FBF0C2D0037E7FF /* Build configuration list for PBXProject "AlertEasily" */ = {
			isa = XCConfigurationList;
			buildConfigurations = (
				BFFFA82F1FBF0C2D0037E7FF /* Debug */,
				BFFFA8301FBF0C2D0037E7FF /* Release */,
			);
			defaultConfigurationIsVisible = 0;
			defaultConfigurationName = Release;
		};
		BFFFA8311FBF0C2D0037E7FF /* Build configuration list for PBXNativeTarget "AlertEasily" */ = {
			isa = XCConfigurationList;
			buildConfigurations = (
				BFFFA8321FBF0C2D0037E7FF /* Debug */,
				BFFFA8331FBF0C2D0037E7FF /* Release */,
			);
			defaultConfigurationIsVisible = 0;
			defaultConfigurationName = Release;
		};
/* End XCConfigurationList section */
	};
	rootObject = BFFFA8171FBF0C2D0037E7FF /* Project object */;
}
